{
  "name": "desafio-imersao-nodejs",
  "version": "1.0.0",
  "lockfileVersion": 1,
  "requires": true,
  "dependencies": {
    "align-text": {
      "version": "0.1.4",
      "resolved": "https://registry.npmjs.org/align-text/-/align-text-0.1.4.tgz",
      "integrity": "sha1-DNkKVhCT810KmSVsIrcGlDP60Rc=",
      "requires": {
        "kind-of": "3.2.2",
        "longest": "1.0.1",
        "repeat-string": "1.6.1"
      }
    },
    "amdefine": {
      "version": "1.0.1",
      "resolved": "https://registry.npmjs.org/amdefine/-/amdefine-1.0.1.tgz",
      "integrity": "sha1-SlKCrBZHKek2Gbz9OtFR+BfOkfU="
    },
    "ammo": {
      "version": "2.0.4",
      "resolved": "https://registry.npmjs.org/ammo/-/ammo-2.0.4.tgz",
      "integrity": "sha1-v4CqshFpjqePY+9efxE91dnokX8=",
      "requires": {
        "boom": "5.2.0",
        "hoek": "4.2.1"
      },
      "dependencies": {
        "boom": {
          "version": "5.2.0",
          "resolved": "https://registry.npmjs.org/boom/-/boom-5.2.0.tgz",
          "integrity": "sha512-Z5BTk6ZRe4tXXQlkqftmsAUANpXmuwlsF5Oov8ThoMbQRzdGTA1ngYRW160GexgOgjsFOKJz0LYhoNi+2AMBUw==",
          "requires": {
            "hoek": "4.2.1"
          }
        },
        "hoek": {
          "version": "4.2.1",
          "resolved": "https://registry.npmjs.org/hoek/-/hoek-4.2.1.tgz",
          "integrity": "sha512-QLg82fGkfnJ/4iy1xZ81/9SIJiq1NGFUMGs6ParyjBZr6jW2Ufj/snDqTHixNlHdPNwN2RLVD0Pi3igeK9+JfA=="
        }
      }
    },
    "argparse": {
      "version": "1.0.10",
      "resolved": "https://registry.npmjs.org/argparse/-/argparse-1.0.10.tgz",
      "integrity": "sha512-o5Roy6tNG4SL/FOkCAN6RzjiakZS25RLYFrcMttJqbdd8BWrnA+fGz57iN5Pb06pvBGvl5gQ0B48dJlslXvoTg==",
      "requires": {
        "sprintf-js": "1.0.3"
      }
    },
    "async": {
      "version": "1.5.2",
      "resolved": "https://registry.npmjs.org/async/-/async-1.5.2.tgz",
      "integrity": "sha1-7GphrlZIDAw8skHJVhjiCJL5Zyo="
    },
    "base64url": {
      "version": "2.0.0",
      "resolved": "https://registry.npmjs.org/base64url/-/base64url-2.0.0.tgz",
      "integrity": "sha1-6sFuA+oUOO/5Qj1puqNiYu0fcLs="
    },
    "bluebird": {
      "version": "3.5.0",
      "resolved": "https://registry.npmjs.org/bluebird/-/bluebird-3.5.0.tgz",
      "integrity": "sha1-eRQg1/VR7qKJdFOop3ZT+WYG1nw="
    },
    "boom": {
      "version": "7.2.0",
      "resolved": "https://registry.npmjs.org/boom/-/boom-7.2.0.tgz",
      "integrity": "sha1-K/8kpVVldn/ehp7ICDF+sQxI6WY=",
      "requires": {
        "hoek": "5.0.3"
      }
    },
    "bson": {
      "version": "1.0.5",
      "resolved": "https://registry.npmjs.org/bson/-/bson-1.0.5.tgz",
      "integrity": "sha512-D4SCtud6mlEb48kXdTHU31DRU0bsgOJ+4St1Dcx30uYNnf/aGc+hC9gHB/z0Eth8HYYs/hr0SFdyZViht19SwA=="
    },
    "buffer-equal-constant-time": {
      "version": "1.0.1",
      "resolved": "https://registry.npmjs.org/buffer-equal-constant-time/-/buffer-equal-constant-time-1.0.1.tgz",
      "integrity": "sha1-+OcRMvf/5uAaXJaXpMbz5I1cyBk="
    },
    "call-me-maybe": {
      "version": "1.0.1",
      "resolved": "https://registry.npmjs.org/call-me-maybe/-/call-me-maybe-1.0.1.tgz",
      "integrity": "sha1-JtII6onje1y95gJQoV8DHBak1ms="
    },
    "camelcase": {
      "version": "1.2.1",
      "resolved": "https://registry.npmjs.org/camelcase/-/camelcase-1.2.1.tgz",
      "integrity": "sha1-m7UwTS4LVmmLLHWLCKPqqdqlijk=",
      "optional": true
    },
    "center-align": {
      "version": "0.1.3",
      "resolved": "https://registry.npmjs.org/center-align/-/center-align-0.1.3.tgz",
      "integrity": "sha1-qg0yYptu6XIgBBHL1EYckHvCt60=",
      "optional": true,
      "requires": {
        "align-text": "0.1.4",
        "lazy-cache": "1.0.4"
      }
    },
    "cliui": {
      "version": "2.1.0",
      "resolved": "https://registry.npmjs.org/cliui/-/cliui-2.1.0.tgz",
      "integrity": "sha1-S0dXYP+AJkx2LDoXGQMukcf+oNE=",
      "optional": true,
      "requires": {
        "center-align": "0.1.3",
        "right-align": "0.1.3",
        "wordwrap": "0.0.2"
      },
      "dependencies": {
        "wordwrap": {
          "version": "0.0.2",
          "resolved": "https://registry.npmjs.org/wordwrap/-/wordwrap-0.0.2.tgz",
          "integrity": "sha1-t5Zpu0LstAn4PVg8rVLKF+qhZD8=",
          "optional": true
        }
      }
    },
    "commander": {
      "version": "2.14.1",
      "resolved": "https://registry.npmjs.org/commander/-/commander-2.14.1.tgz",
      "integrity": "sha512-+YR16o3rK53SmWHU3rEM3tPAh2rwb1yPcQX5irVn7mb0gXbwuCCrnkbV5+PBfETdfg1vui07nM6PCG1zndcjQw==",
      "optional": true
    },
    "cookie": {
      "version": "0.3.1",
      "resolved": "https://registry.npmjs.org/cookie/-/cookie-0.3.1.tgz",
      "integrity": "sha1-5+Ch+e9DtMi6klxcWpboBtFoc7s="
    },
    "debug": {
      "version": "3.1.0",
      "resolved": "https://registry.npmjs.org/debug/-/debug-3.1.0.tgz",
      "integrity": "sha512-OX8XqP7/1a9cqkxYw2yXss15f26NKWBpDXQd0/uK/KPqdQhxbPa994hnzjcE2VqQpDslf55723cKPUOGSmMY3g==",
      "requires": {
        "ms": "2.0.0"
      },
      "dependencies": {
        "ms": {
          "version": "2.0.0",
          "resolved": "https://registry.npmjs.org/ms/-/ms-2.0.0.tgz",
          "integrity": "sha1-VgiurfwAvmwpAd9fmGF4jeDVl8g="
        }
      }
    },
    "decamelize": {
      "version": "1.2.0",
      "resolved": "https://registry.npmjs.org/decamelize/-/decamelize-1.2.0.tgz",
      "integrity": "sha1-9lNNFRSCabIDUue+4m9QH5oZEpA=",
      "optional": true
    },
    "dotenv": {
      "version": "5.0.1",
      "resolved": "https://registry.npmjs.org/dotenv/-/dotenv-5.0.1.tgz",
      "integrity": "sha512-4As8uPrjfwb7VXC+WnLCbXK7y+Ueb2B3zgNCePYfhxS1PYeaO1YTeplffTEcbfLhvFNGLAz90VvJs9yomG7bow=="
    },
    "ecdsa-sig-formatter": {
      "version": "1.0.9",
      "resolved": "https://registry.npmjs.org/ecdsa-sig-formatter/-/ecdsa-sig-formatter-1.0.9.tgz",
      "integrity": "sha1-S8kmJ07Dtau1AW5+HWCSGsJisqE=",
      "requires": {
        "base64url": "2.0.0",
        "safe-buffer": "5.1.1"
      }
    },
    "es6-promise": {
      "version": "4.2.4",
      "resolved": "https://registry.npmjs.org/es6-promise/-/es6-promise-4.2.4.tgz",
      "integrity": "sha512-/NdNZVJg+uZgtm9eS3O6lrOLYmQag2DjdEXuPaHlZ6RuVqgqaVZfgYCepEIKsLqwdQArOPtC3XzRLqGGfT8KQQ=="
    },
    "esprima": {
      "version": "4.0.0",
      "resolved": "https://registry.npmjs.org/esprima/-/esprima-4.0.0.tgz",
      "integrity": "sha512-oftTcaMu/EGrEIu904mWteKIv8vMuOgGYo7EhVJJN00R/EED9DCua/xxHRdYnKtcECzVg7xOWhflvJMnqcFZjw=="
    },
    "fast-safe-stringify": {
      "version": "1.2.3",
      "resolved": "https://registry.npmjs.org/fast-safe-stringify/-/fast-safe-stringify-1.2.3.tgz",
      "integrity": "sha512-QJYT/i0QYoiZBQ71ivxdyTqkwKkQ0oxACXHYxH2zYHJEgzi2LsbjgvtzTbLi1SZcF190Db2YP7I7eTsU2egOlw=="
    },
    "format-util": {
      "version": "1.0.3",
      "resolved": "https://registry.npmjs.org/format-util/-/format-util-1.0.3.tgz",
      "integrity": "sha1-Ay3KShFiYqEsQ/TD7IVmQWxbLZU="
    },
    "handlebars": {
      "version": "4.0.11",
      "resolved": "https://registry.npmjs.org/handlebars/-/handlebars-4.0.11.tgz",
      "integrity": "sha1-Ywo13+ApS8KB7a5v/F0yn8eYLcw=",
      "requires": {
        "async": "1.5.2",
        "optimist": "0.6.1",
        "source-map": "0.4.4",
        "uglify-js": "2.8.29"
      }
    },
    "hapi": {
      "version": "15.2.0",
      "resolved": "https://registry.npmjs.org/hapi/-/hapi-15.2.0.tgz",
      "integrity": "sha1-VwTKLAS2OGwDyvnukB8d4IAxbSM=",
      "requires": {
        "accept": "2.1.2",
        "ammo": "2.0.2",
        "boom": "4.0.0",
        "call": "3.0.3",
        "catbox": "7.1.2",
        "catbox-memory": "2.0.3",
        "cryptiles": "3.0.2",
        "heavy": "4.0.2",
        "hoek": "4.0.2",
        "iron": "4.0.3",
        "items": "2.1.1",
        "joi": "9.0.4",
        "mimos": "3.0.3",
        "podium": "1.2.3",
        "shot": "3.3.2",
        "statehood": "5.0.0",
        "subtext": "4.3.0",
        "topo": "2.0.2"
      },
      "dependencies": {
        "accept": {
          "version": "2.1.2",
          "resolved": "https://registry.npmjs.org/accept/-/accept-2.1.2.tgz",
          "integrity": "sha1-VRh07Y8saLJwe/8qsl/hNT5GHWs=",
          "requires": {
            "boom": "4.0.0",
            "hoek": "4.0.2"
          }
        },
        "ammo": {
          "version": "2.0.2",
          "resolved": "https://registry.npmjs.org/ammo/-/ammo-2.0.2.tgz",
          "integrity": "sha1-NmxV97xPLyQhjtOk3UuN8TXC5so=",
          "requires": {
            "boom": "4.0.0",
            "hoek": "4.0.2"
          }
        },
        "boom": {
          "version": "4.0.0",
          "resolved": "https://registry.npmjs.org/boom/-/boom-4.0.0.tgz",
          "integrity": "sha1-fllGkmTq3bdP7fvBsWUk1pppRXc=",
          "requires": {
            "hoek": "4.0.2"
          }
        },
        "call": {
          "version": "3.0.3",
          "resolved": "https://registry.npmjs.org/call/-/call-3.0.3.tgz",
          "integrity": "sha1-5HSN27t/Qa5AzuBV+LJwtzO/fI0=",
          "requires": {
            "boom": "4.0.0",
            "hoek": "4.0.2"
          }
        },
        "catbox": {
          "version": "7.1.2",
          "resolved": "https://registry.npmjs.org/catbox/-/catbox-7.1.2.tgz",
          "integrity": "sha1-RnIbHJmWdRP9e36UUXBqBe3+1a0=",
          "requires": {
            "boom": "4.0.0",
            "hoek": "4.0.2",
            "joi": "9.0.4"
          }
        },
        "catbox-memory": {
          "version": "2.0.3",
          "resolved": "https://registry.npmjs.org/catbox-memory/-/catbox-memory-2.0.3.tgz",
          "integrity": "sha1-36qcFj+tND2a3W18H9x7Qps2nDg=",
          "requires": {
            "hoek": "4.0.2"
          }
        },
        "cryptiles": {
          "version": "3.0.2",
          "resolved": "https://registry.npmjs.org/cryptiles/-/cryptiles-3.0.2.tgz",
          "integrity": "sha1-7M30qFuHVPFdC1Mg1Kt41A0PokQ=",
          "requires": {
            "boom": "4.0.0"
          }
        },
        "heavy": {
          "version": "4.0.2",
          "resolved": "https://registry.npmjs.org/heavy/-/heavy-4.0.2.tgz",
          "integrity": "sha1-27Zs2l8BellPxsgwHfaZnqjVM/A=",
          "requires": {
            "boom": "4.0.0",
            "hoek": "4.0.2",
            "joi": "9.0.4"
          }
        },
        "hoek": {
          "version": "4.0.2",
          "resolved": "https://registry.npmjs.org/hoek/-/hoek-4.0.2.tgz",
          "integrity": "sha1-e5afTIoa+KOMosZmxmv6bEL+LN0="
        },
        "iron": {
          "version": "4.0.3",
          "resolved": "https://registry.npmjs.org/iron/-/iron-4.0.3.tgz",
          "integrity": "sha1-DA0yUmYdihxhS+2e07B32A6g/Xg=",
          "requires": {
            "boom": "4.0.0",
            "cryptiles": "3.0.2",
            "hoek": "4.0.2"
          }
        },
        "items": {
          "version": "2.1.1",
          "resolved": "https://registry.npmjs.org/items/-/items-2.1.1.tgz",
          "integrity": "sha1-i9FtnIOxlSneWuoyGsqtp4NkoZg="
        },
        "joi": {
          "version": "9.0.4",
          "resolved": "https://registry.npmjs.org/joi/-/joi-9.0.4.tgz",
          "integrity": "sha1-iNZIkJFavrEnzXVwJxFtUN8+aN8=",
          "requires": {
            "hoek": "4.0.2",
            "isemail": "2.2.1",
            "items": "2.1.1",
            "moment": "2.14.1",
            "topo": "2.0.2"
          },
          "dependencies": {
            "isemail": {
              "version": "2.2.1",
              "resolved": "https://registry.npmjs.org/isemail/-/isemail-2.2.1.tgz",
              "integrity": "sha1-A1PT2aYpUQgMJiwqoKQrjqjp4qY="
            },
            "moment": {
              "version": "2.14.1",
              "resolved": "https://registry.npmjs.org/moment/-/moment-2.14.1.tgz",
              "integrity": "sha1-s1snxH5X7S3ccAU9awe+zbKRdBw="
            }
          }
        },
        "mimos": {
          "version": "3.0.3",
          "resolved": "https://registry.npmjs.org/mimos/-/mimos-3.0.3.tgz",
          "integrity": "sha1-uRCQcq03jCty9qAQHEPd+ys2ZB8=",
          "requires": {
            "hoek": "4.0.2",
            "mime-db": "1.23.0"
          },
          "dependencies": {
            "mime-db": {
              "version": "1.23.0",
              "resolved": "https://registry.npmjs.org/mime-db/-/mime-db-1.23.0.tgz",
              "integrity": "sha1-oxtAcK2uon1zLqMzdApk0OyaZlk="
            }
          }
        },
        "podium": {
          "version": "1.2.3",
          "resolved": "https://registry.npmjs.org/podium/-/podium-1.2.3.tgz",
          "integrity": "sha1-XJW3zC9ch90yTgrUqTY6xi1ms3E=",
          "requires": {
            "hoek": "4.0.2",
            "items": "2.1.1",
            "joi": "9.0.4"
          }
        },
        "shot": {
          "version": "3.3.2",
          "resolved": "https://registry.npmjs.org/shot/-/shot-3.3.2.tgz",
          "integrity": "sha1-aRwmEXWd7MIEh7INJcwpnznl+bc=",
          "requires": {
            "hoek": "4.0.2",
            "joi": "9.0.4"
          }
        },
        "statehood": {
          "version": "5.0.0",
          "resolved": "https://registry.npmjs.org/statehood/-/statehood-5.0.0.tgz",
          "integrity": "sha1-ziKFqr6uOYrofLunRhhLdZm4+jE=",
          "requires": {
            "boom": "4.0.0",
            "cryptiles": "3.0.2",
            "hoek": "4.0.2",
            "iron": "4.0.3",
            "items": "2.1.1",
            "joi": "9.0.4"
          }
        },
        "subtext": {
          "version": "4.3.0",
          "resolved": "https://registry.npmjs.org/subtext/-/subtext-4.3.0.tgz",
          "integrity": "sha1-36yQSS7DVmn9bgDG5dk4sG18z7s=",
          "requires": {
            "boom": "4.0.0",
            "content": "3.0.2",
            "hoek": "4.0.2",
            "pez": "2.1.2",
            "wreck": "10.0.0"
          },
          "dependencies": {
            "content": {
              "version": "3.0.2",
              "resolved": "https://registry.npmjs.org/content/-/content-3.0.2.tgz",
              "integrity": "sha1-8di0w6uyHqTA4hc/Q6wCKaTtbRw=",
              "requires": {
                "boom": "4.0.0"
              }
            },
            "pez": {
              "version": "2.1.2",
              "resolved": "https://registry.npmjs.org/pez/-/pez-2.1.2.tgz",
              "integrity": "sha1-0dEjcXkqVYluI+IeUJxAle0IHbI=",
              "requires": {
                "b64": "3.0.2",
                "boom": "4.0.0",
                "content": "3.0.2",
                "hoek": "4.0.2",
                "nigel": "2.0.2"
              },
              "dependencies": {
                "b64": {
                  "version": "3.0.2",
                  "resolved": "https://registry.npmjs.org/b64/-/b64-3.0.2.tgz",
                  "integrity": "sha1-ep1gRmrfe43hFMvfZRpf38yQiU0="
                },
                "nigel": {
                  "version": "2.0.2",
                  "resolved": "https://registry.npmjs.org/nigel/-/nigel-2.0.2.tgz",
                  "integrity": "sha1-k6GGb7DFLYc5CqdeKxYfS1x15bE=",
                  "requires": {
                    "hoek": "4.0.2",
                    "vise": "2.0.2"
                  },
                  "dependencies": {
                    "vise": {
                      "version": "2.0.2",
                      "resolved": "https://registry.npmjs.org/vise/-/vise-2.0.2.tgz",
                      "integrity": "sha1-awjo+0y3bjpQzW3Q7DczjoEaDTk=",
                      "requires": {
                        "hoek": "4.0.2"
                      }
                    }
                  }
                }
              }
            },
            "wreck": {
              "version": "10.0.0",
              "resolved": "https://registry.npmjs.org/wreck/-/wreck-10.0.0.tgz",
              "integrity": "sha1-mKuIL4XhalJjMlB/EB9aeEEWIng=",
              "requires": {
                "boom": "4.0.0",
                "hoek": "4.0.2"
              }
            }
          }
        },
        "topo": {
          "version": "2.0.2",
          "resolved": "https://registry.npmjs.org/topo/-/topo-2.0.2.tgz",
          "integrity": "sha1-zVYVdSU5BXwNwEkaYhw7xvvh0YI=",
          "requires": {
            "hoek": "4.0.2"
          }
        }
      }
    },
    "hapi-auth-jwt2": {
      "version": "8.0.0",
      "resolved": "https://registry.npmjs.org/hapi-auth-jwt2/-/hapi-auth-jwt2-8.0.0.tgz",
      "integrity": "sha512-JRcgSEEUvm0hhs5iQdPXSa/usCcn9hXp32bhdQonxN0B6bWRWWhtVGRrK44MTClHmkLYDG5NMgyTgWSbAOrRnw==",
      "requires": {
        "boom": "7.2.0",
        "cookie": "0.3.1",
        "jsonwebtoken": "8.2.0"
      }
    },
    "hapi-cors": {
      "version": "1.0.1",
      "resolved": "https://registry.npmjs.org/hapi-cors/-/hapi-cors-1.0.1.tgz",
      "integrity": "sha1-7LY2UkvOp7bL1FfLeiQ09YEnzKk=",
      "requires": {
        "joi": "7.3.0"
      },
      "dependencies": {
        "hoek": {
          "version": "3.0.4",
          "resolved": "https://registry.npmjs.org/hoek/-/hoek-3.0.4.tgz",
          "integrity": "sha1-Jorf9mu2aVxptHiaiLHghHw/MSM="
        },
        "isemail": {
          "version": "2.2.1",
          "resolved": "https://registry.npmjs.org/isemail/-/isemail-2.2.1.tgz",
          "integrity": "sha1-A1PT2aYpUQgMJiwqoKQrjqjp4qY="
        },
        "joi": {
          "version": "7.3.0",
          "resolved": "https://registry.npmjs.org/joi/-/joi-7.3.0.tgz",
          "integrity": "sha1-TZyfGBgwRECDZltbbNW4ymd5pek=",
          "requires": {
            "hoek": "3.0.4",
            "isemail": "2.2.1",
            "moment": "2.21.0",
            "topo": "2.0.2"
          }
        }
      }
    },
    "hapi-swagger": {
      "version": "7.10.0",
      "resolved": "https://registry.npmjs.org/hapi-swagger/-/hapi-swagger-7.10.0.tgz",
      "integrity": "sha512-Efo4HQx8rR43OqfU+/w/UywY5KuFUjPnXR+hykdGvIpEWBOE0Y0k1CGoK4Qt93CJhnJO+WuVN43drUR7bxDZxw==",
      "requires": {
        "boom": "5.2.0",
        "fast-safe-stringify": "1.2.3",
        "handlebars": "4.0.11",
        "hoek": "4.2.1",
        "http-status": "1.0.1",
        "joi": "11.4.0",
        "json-schema-ref-parser": "4.1.1",
        "swagger-parser": "3.4.2"
      },
      "dependencies": {
        "boom": {
          "version": "5.2.0",
          "resolved": "https://registry.npmjs.org/boom/-/boom-5.2.0.tgz",
          "integrity": "sha512-Z5BTk6ZRe4tXXQlkqftmsAUANpXmuwlsF5Oov8ThoMbQRzdGTA1ngYRW160GexgOgjsFOKJz0LYhoNi+2AMBUw==",
          "requires": {
            "hoek": "4.2.1"
          }
        },
        "hoek": {
          "version": "4.2.1",
          "resolved": "https://registry.npmjs.org/hoek/-/hoek-4.2.1.tgz",
          "integrity": "sha512-QLg82fGkfnJ/4iy1xZ81/9SIJiq1NGFUMGs6ParyjBZr6jW2Ufj/snDqTHixNlHdPNwN2RLVD0Pi3igeK9+JfA=="
        },
        "joi": {
          "version": "11.4.0",
          "resolved": "https://registry.npmjs.org/joi/-/joi-11.4.0.tgz",
          "integrity": "sha512-O7Uw+w/zEWgbL6OcHbyACKSj0PkQeUgmehdoXVSxt92QFCq4+1390Rwh5moI2K/OgC7D8RHRZqHZxT2husMJHA==",
          "requires": {
            "hoek": "4.2.1",
            "isemail": "3.1.1",
            "topo": "2.0.2"
          }
        }
      }
    },
    "hoek": {
      "version": "5.0.3",
      "resolved": "https://registry.npmjs.org/hoek/-/hoek-5.0.3.tgz",
      "integrity": "sha512-Bmr56pxML1c9kU+NS51SMFkiVQAb+9uFfXwyqR2tn4w2FPvmPt65eZ9aCcEfRXd9G74HkZnILC6p967pED4aiw=="
    },
    "http-status": {
      "version": "1.0.1",
      "resolved": "https://registry.npmjs.org/http-status/-/http-status-1.0.1.tgz",
      "integrity": "sha1-3EMAGov8UKyH1IWokvdXiWS8lKI="
    },
    "inert": {
      "version": "4.2.1",
      "resolved": "https://registry.npmjs.org/inert/-/inert-4.2.1.tgz",
      "integrity": "sha512-qmbbZYPSzU/eOUOStPQvSjrU9IR1Q3uDtsEsVwnBQeZG43xu7Nrj6yuUrX3ice/03rv5dj/KiKB+NGCbiqH+aQ==",
      "requires": {
        "ammo": "2.0.4",
        "boom": "5.2.0",
        "hoek": "4.2.1",
        "items": "2.1.1",
        "joi": "10.6.0",
        "lru-cache": "4.1.1"
      },
      "dependencies": {
        "boom": {
          "version": "5.2.0",
          "resolved": "https://registry.npmjs.org/boom/-/boom-5.2.0.tgz",
          "integrity": "sha512-Z5BTk6ZRe4tXXQlkqftmsAUANpXmuwlsF5Oov8ThoMbQRzdGTA1ngYRW160GexgOgjsFOKJz0LYhoNi+2AMBUw==",
          "requires": {
            "hoek": "4.2.1"
          }
        },
        "hoek": {
          "version": "4.2.1",
          "resolved": "https://registry.npmjs.org/hoek/-/hoek-4.2.1.tgz",
          "integrity": "sha512-QLg82fGkfnJ/4iy1xZ81/9SIJiq1NGFUMGs6ParyjBZr6jW2Ufj/snDqTHixNlHdPNwN2RLVD0Pi3igeK9+JfA=="
        },
        "isemail": {
          "version": "2.2.1",
          "resolved": "https://registry.npmjs.org/isemail/-/isemail-2.2.1.tgz",
          "integrity": "sha1-A1PT2aYpUQgMJiwqoKQrjqjp4qY="
        },
        "joi": {
          "version": "10.6.0",
          "resolved": "https://registry.npmjs.org/joi/-/joi-10.6.0.tgz",
          "integrity": "sha512-hBF3LcqyAid+9X/pwg+eXjD2QBZI5eXnBFJYaAkH4SK3mp9QSRiiQnDYlmlz5pccMvnLcJRS4whhDOTCkmsAdQ==",
          "requires": {
            "hoek": "4.2.1",
            "isemail": "2.2.1",
            "items": "2.1.1",
            "topo": "2.0.2"
          }
        }
      }
    },
    "is-buffer": {
      "version": "1.1.6",
      "resolved": "https://registry.npmjs.org/is-buffer/-/is-buffer-1.1.6.tgz",
      "integrity": "sha512-NcdALwpXkTm5Zvvbk7owOUSvVvBKDgKP5/ewfXEznmQFfs4ZRmanOeKBTjRVjka3QFoN6XJ+9F3USqfHqTaU5w=="
    },
    "isemail": {
      "version": "3.1.1",
      "resolved": "https://registry.npmjs.org/isemail/-/isemail-3.1.1.tgz",
      "integrity": "sha512-mVjAjvdPkpwXW61agT2E9AkGoegZO7SdJGCezWwxnETL58f5KwJ4vSVAMBUL5idL6rTlYAIGkX3n4suiviMLNw==",
      "requires": {
        "punycode": "2.1.0"
      }
    },
    "items": {
      "version": "2.1.1",
      "resolved": "https://registry.npmjs.org/items/-/items-2.1.1.tgz",
      "integrity": "sha1-i9FtnIOxlSneWuoyGsqtp4NkoZg="
    },
    "joi": {
      "version": "13.1.2",
      "resolved": "https://registry.npmjs.org/joi/-/joi-13.1.2.tgz",
      "integrity": "sha512-bZZSQYW5lPXenOfENvgCBPb9+H6E6MeNWcMtikI04fKphj5tvFL9TOb+H2apJzbCrRw/jebjTH8z6IHLpBytGg==",
      "requires": {
        "hoek": "5.0.3",
        "isemail": "3.1.1",
        "topo": "3.0.0"
      },
      "dependencies": {
        "topo": {
          "version": "3.0.0",
          "resolved": "https://registry.npmjs.org/topo/-/topo-3.0.0.tgz",
          "integrity": "sha512-Tlu1fGlR90iCdIPURqPiufqAlCZYzLjHYVVbcFWDMcX7+tK8hdZWAfsMrD/pBul9jqHHwFjNdf1WaxA9vTRRhw==",
          "requires": {
            "hoek": "5.0.3"
          }
        }
      }
    },
    "js-yaml": {
      "version": "3.10.0",
      "resolved": "https://registry.npmjs.org/js-yaml/-/js-yaml-3.10.0.tgz",
      "integrity": "sha512-O2v52ffjLa9VeM43J4XocZE//WT9N0IiwDa3KSHH7Tu8CtH+1qM8SIZvnsTh6v+4yFy5KUY3BHUVwjpfAWsjIA==",
      "requires": {
        "argparse": "1.0.10",
        "esprima": "4.0.0"
      }
    },
    "json-schema-ref-parser": {
      "version": "4.1.1",
      "resolved": "https://registry.npmjs.org/json-schema-ref-parser/-/json-schema-ref-parser-4.1.1.tgz",
      "integrity": "sha512-lByoCHZ6H2zgb6NtsXIqtzQ+6Ji7iVqnrhWxsXLhF+gXmgu6E8+ErpDxCMR439MUG1nfMjWI2HAoM8l0XgSNhw==",
      "requires": {
        "call-me-maybe": "1.0.1",
        "debug": "3.1.0",
        "js-yaml": "3.10.0",
        "ono": "4.0.3"
      }
    },
    "jsonwebtoken": {
      "version": "8.2.0",
      "resolved": "https://registry.npmjs.org/jsonwebtoken/-/jsonwebtoken-8.2.0.tgz",
      "integrity": "sha512-1Wxh8ADP3cNyPl8tZ95WtraHXCAyXupgc0AhMHjU9er98BV+UcKsO7OJUjfhIu0Uba9A40n1oSx8dbJYrm+EoQ==",
      "requires": {
        "jws": "3.1.4",
        "lodash.includes": "4.3.0",
        "lodash.isboolean": "3.0.3",
        "lodash.isinteger": "4.0.4",
        "lodash.isnumber": "3.0.3",
        "lodash.isplainobject": "4.0.6",
        "lodash.isstring": "4.0.1",
        "lodash.once": "4.1.1",
        "ms": "2.1.1",
        "xtend": "4.0.1"
      }
    },
    "jwa": {
      "version": "1.1.5",
      "resolved": "https://registry.npmjs.org/jwa/-/jwa-1.1.5.tgz",
      "integrity": "sha1-oFUs4CIHQs1S4VN3SjKQXDDnVuU=",
      "requires": {
        "base64url": "2.0.0",
        "buffer-equal-constant-time": "1.0.1",
        "ecdsa-sig-formatter": "1.0.9",
        "safe-buffer": "5.1.1"
      }
    },
    "jws": {
      "version": "3.1.4",
      "resolved": "https://registry.npmjs.org/jws/-/jws-3.1.4.tgz",
      "integrity": "sha1-+ei5M46KhHJ31kRLFGT2GIDgUKI=",
      "requires": {
        "base64url": "2.0.0",
        "jwa": "1.1.5",
        "safe-buffer": "5.1.1"
      }
    },
    "kareem": {
      "version": "2.0.5",
      "resolved": "https://registry.npmjs.org/kareem/-/kareem-2.0.5.tgz",
      "integrity": "sha512-dfvpj3mCGJLZuADInhYrKaXkGarJxDqnTEiF91wK6fqwdCRmN+O4aEp8575UjZlQzDkzLI1WDL1uU7vyupURqw=="
    },
    "kind-of": {
      "version": "3.2.2",
      "resolved": "https://registry.npmjs.org/kind-of/-/kind-of-3.2.2.tgz",
      "integrity": "sha1-MeohpzS6ubuw8yRm2JOupR5KPGQ=",
      "requires": {
        "is-buffer": "1.1.6"
      }
    },
    "lazy-cache": {
      "version": "1.0.4",
      "resolved": "https://registry.npmjs.org/lazy-cache/-/lazy-cache-1.0.4.tgz",
      "integrity": "sha1-odePw6UEdMuAhF07O24dpJpEbo4=",
      "optional": true
    },
    "lodash": {
      "version": "4.17.5",
      "resolved": "https://registry.npmjs.org/lodash/-/lodash-4.17.5.tgz",
      "integrity": "sha512-svL3uiZf1RwhH+cWrfZn3A4+U58wbP0tGVTLQPbjplZxZ8ROD9VLuNgsRniTlLe7OlSqR79RUehXgpBW/s0IQw=="
    },
    "lodash.get": {
      "version": "4.4.2",
      "resolved": "https://registry.npmjs.org/lodash.get/-/lodash.get-4.4.2.tgz",
      "integrity": "sha1-LRd/ZS+jHpObRDjVNBSZ36OCXpk="
    },
    "lodash.includes": {
      "version": "4.3.0",
      "resolved": "https://registry.npmjs.org/lodash.includes/-/lodash.includes-4.3.0.tgz",
      "integrity": "sha1-YLuYqHy5I8aMoeUTJUgzFISfVT8="
    },
    "lodash.isboolean": {
      "version": "3.0.3",
      "resolved": "https://registry.npmjs.org/lodash.isboolean/-/lodash.isboolean-3.0.3.tgz",
      "integrity": "sha1-bC4XHbKiV82WgC/UOwGyDV9YcPY="
    },
    "lodash.isequal": {
      "version": "4.5.0",
      "resolved": "https://registry.npmjs.org/lodash.isequal/-/lodash.isequal-4.5.0.tgz",
      "integrity": "sha1-QVxEePK8wwEgwizhDtMib30+GOA="
    },
    "lodash.isinteger": {
      "version": "4.0.4",
      "resolved": "https://registry.npmjs.org/lodash.isinteger/-/lodash.isinteger-4.0.4.tgz",
      "integrity": "sha1-YZwK89A/iwTDH1iChAt3sRzWg0M="
    },
    "lodash.isnumber": {
      "version": "3.0.3",
      "resolved": "https://registry.npmjs.org/lodash.isnumber/-/lodash.isnumber-3.0.3.tgz",
      "integrity": "sha1-POdoEMWSjQM1IwGsKHMX8RwLH/w="
    },
    "lodash.isplainobject": {
      "version": "4.0.6",
      "resolved": "https://registry.npmjs.org/lodash.isplainobject/-/lodash.isplainobject-4.0.6.tgz",
      "integrity": "sha1-fFJqUtibRcRcxpC4gWO+BJf1UMs="
    },
    "lodash.isstring": {
      "version": "4.0.1",
      "resolved": "https://registry.npmjs.org/lodash.isstring/-/lodash.isstring-4.0.1.tgz",
      "integrity": "sha1-1SfftUVuynzJu5XV2ur4i6VKVFE="
    },
    "lodash.once": {
      "version": "4.1.1",
      "resolved": "https://registry.npmjs.org/lodash.once/-/lodash.once-4.1.1.tgz",
      "integrity": "sha1-DdOXEhPHxW34gJd9UEyI+0cal6w="
    },
    "longest": {
      "version": "1.0.1",
      "resolved": "https://registry.npmjs.org/longest/-/longest-1.0.1.tgz",
      "integrity": "sha1-MKCy2jj3N3DoKUoNIuZiXtd9AJc="
    },
    "lru-cache": {
      "version": "4.1.1",
      "resolved": "https://registry.npmjs.org/lru-cache/-/lru-cache-4.1.1.tgz",
      "integrity": "sha512-q4spe4KTfsAS1SUHLO0wz8Qiyf1+vMIAgpRYioFYDMNqKfHQbg+AVDH3i4fvpl71/P1L0dBl+fQi+P37UYf0ew==",
      "requires": {
        "pseudomap": "1.0.2",
        "yallist": "2.1.2"
      }
    },
    "minimist": {
      "version": "0.0.10",
      "resolved": "https://registry.npmjs.org/minimist/-/minimist-0.0.10.tgz",
      "integrity": "sha1-3j+YVD2/lggr5IrRoMfNqDYwHc8="
    },
    "moment": {
      "version": "2.21.0",
      "resolved": "https://registry.npmjs.org/moment/-/moment-2.21.0.tgz",
      "integrity": "sha512-TCZ36BjURTeFTM/CwRcViQlfkMvL1/vFISuNLO5GkcVm1+QHfbSiNqZuWeMFjj1/3+uAjXswgRk30j1kkLYJBQ=="
    },
    "mongodb": {
      "version": "3.0.3",
      "resolved": "https://registry.npmjs.org/mongodb/-/mongodb-3.0.3.tgz",
      "integrity": "sha512-BuYbPwjrIS/Ik/AUegjnYb8ncOa4dj8tzP4eSCsaqjP9yjmIWzzKrAXBY+s8xy6xkTJxgvbuTFub6cIwpmHRXQ==",
      "requires": {
        "mongodb-core": "3.0.3"
      }
    },
    "mongodb-core": {
      "version": "3.0.3",
      "resolved": "https://registry.npmjs.org/mongodb-core/-/mongodb-core-3.0.3.tgz",
      "integrity": "sha512-AkEiYeq4PZrgoKPZ32q2nL2xFe9iswOgefMipS2YHJHX8DCFAXmYr1aFxefAWisinxI/nd57nBMSe4mrm3yV1g==",
      "requires": {
        "bson": "1.0.5",
        "require_optional": "1.0.1"
      }
    },
    "mongoose": {
      "version": "5.0.8",
      "resolved": "https://registry.npmjs.org/mongoose/-/mongoose-5.0.8.tgz",
      "integrity": "sha512-seR5zfGbbm/3RHaO2p+RaRTSK7WvqgidlmKPNIXwu0qO8gRh0RyIZPZcxwq4SWjT4HPnOtgofvzaK+IaipxpIA==",
      "requires": {
        "async": "2.1.4",
        "bson": "1.0.5",
        "kareem": "2.0.5",
        "lodash.get": "4.4.2",
        "mongodb": "3.0.3",
        "mongoose-legacy-pluralize": "1.0.2",
        "mpath": "0.3.0",
        "mquery": "3.0.0",
        "ms": "2.0.0",
        "regexp-clone": "0.0.1",
        "sliced": "1.0.1"
      },
      "dependencies": {
        "async": {
          "version": "2.1.4",
          "resolved": "https://registry.npmjs.org/async/-/async-2.1.4.tgz",
          "integrity": "sha1-LSFgx3iAMuTdbL4lAvH5osj2zeQ=",
          "requires": {
            "lodash": "4.17.5"
          }
        },
        "ms": {
          "version": "2.0.0",
          "resolved": "https://registry.npmjs.org/ms/-/ms-2.0.0.tgz",
          "integrity": "sha1-VgiurfwAvmwpAd9fmGF4jeDVl8g="
        }
      }
    },
    "mongoose-legacy-pluralize": {
      "version": "1.0.2",
      "resolved": "https://registry.npmjs.org/mongoose-legacy-pluralize/-/mongoose-legacy-pluralize-1.0.2.tgz",
      "integrity": "sha512-Yo/7qQU4/EyIS8YDFSeenIvXxZN+ld7YdV9LqFVQJzTLye8unujAWPZ4NWKfFA+RNjh+wvTWKY9Z3E5XM6ZZiQ=="
    },
    "mpath": {
      "version": "0.3.0",
      "resolved": "https://registry.npmjs.org/mpath/-/mpath-0.3.0.tgz",
      "integrity": "sha1-elj3iem1/TyUUgY0FXlg8mvV70Q="
    },
    "mquery": {
      "version": "3.0.0",
      "resolved": "https://registry.npmjs.org/mquery/-/mquery-3.0.0.tgz",
      "integrity": "sha512-WL1Lk8v4l8VFSSwN3yCzY9TXw+fKVYKn6f+w86TRzOLSE8k1yTgGaLBPUByJQi8VcLbOdnUneFV/y3Kv874pnQ==",
      "requires": {
        "bluebird": "3.5.0",
        "debug": "2.6.9",
        "regexp-clone": "0.0.1",
        "sliced": "0.0.5"
      },
      "dependencies": {
        "debug": {
          "version": "2.6.9",
          "resolved": "https://registry.npmjs.org/debug/-/debug-2.6.9.tgz",
          "integrity": "sha512-bC7ElrdJaJnPbAP+1EotYvqZsb3ecl5wi6Bfi6BJTUcNowp6cvspg0jXznRTKDjm/E7AdgFBVeAPVMNcKGsHMA==",
          "requires": {
            "ms": "2.0.0"
          }
        },
        "ms": {
          "version": "2.0.0",
          "resolved": "https://registry.npmjs.org/ms/-/ms-2.0.0.tgz",
          "integrity": "sha1-VgiurfwAvmwpAd9fmGF4jeDVl8g="
        },
        "sliced": {
          "version": "0.0.5",
          "resolved": "https://registry.npmjs.org/sliced/-/sliced-0.0.5.tgz",
          "integrity": "sha1-XtwETKTrb3gW1Qui/GPiXY/kcH8="
        }
      }
    },
    "ms": {
      "version": "2.1.1",
      "resolved": "https://registry.npmjs.org/ms/-/ms-2.1.1.tgz",
      "integrity": "sha512-tgp+dl5cGk28utYktBsrFqA7HKgrhgPsg6Z/EfhWI4gl1Hwq8B/GmY/0oXZ6nF8hDVesS/FpnYaD/kOWhYQvyg=="
    },
    "ono": {
      "version": "4.0.3",
      "resolved": "https://registry.npmjs.org/ono/-/ono-4.0.3.tgz",
      "integrity": "sha512-7QIxG4UB00H7CR7fhXC/U7VhB5DK9wsYLwaYBui1JmQoXtLkhIBn3fbuk6FgAP+ctWeBsWVTM+R/bThvUZN+ww==",
      "requires": {
        "format-util": "1.0.3"
      }
    },
    "optimist": {
      "version": "0.6.1",
      "resolved": "https://registry.npmjs.org/optimist/-/optimist-0.6.1.tgz",
      "integrity": "sha1-2j6nRob6IaGaERwybpDrFaAZZoY=",
      "requires": {
        "minimist": "0.0.10",
        "wordwrap": "0.0.3"
      }
    },
    "pseudomap": {
      "version": "1.0.2",
      "resolved": "https://registry.npmjs.org/pseudomap/-/pseudomap-1.0.2.tgz",
      "integrity": "sha1-8FKijacOYYkX7wqKw0wa5aaChrM="
    },
    "punycode": {
      "version": "2.1.0",
      "resolved": "https://registry.npmjs.org/punycode/-/punycode-2.1.0.tgz",
      "integrity": "sha1-X4Y+3Im5bbCQdLrXlHvwkFbKTn0="
    },
    "regexp-clone": {
      "version": "0.0.1",
      "resolved": "https://registry.npmjs.org/regexp-clone/-/regexp-clone-0.0.1.tgz",
      "integrity": "sha1-p8LgmJH9vzj7sQ03b7cwA+aKxYk="
    },
    "repeat-string": {
      "version": "1.6.1",
      "resolved": "https://registry.npmjs.org/repeat-string/-/repeat-string-1.6.1.tgz",
      "integrity": "sha1-jcrkcOHIirwtYA//Sndihtp15jc="
    },
    "require_optional": {
      "version": "1.0.1",
      "resolved": "https://registry.npmjs.org/require_optional/-/require_optional-1.0.1.tgz",
      "integrity": "sha512-qhM/y57enGWHAe3v/NcwML6a3/vfESLe/sGM2dII+gEO0BpKRUkWZow/tyloNqJyN6kXSl3RyyM8Ll5D/sJP8g==",
      "requires": {
        "resolve-from": "2.0.0",
        "semver": "5.5.0"
      }
    },
    "resolve-from": {
      "version": "2.0.0",
      "resolved": "https://registry.npmjs.org/resolve-from/-/resolve-from-2.0.0.tgz",
      "integrity": "sha1-lICrIOlP+h2egKgEx+oUdhGWa1c="
    },
    "right-align": {
      "version": "0.1.3",
      "resolved": "https://registry.npmjs.org/right-align/-/right-align-0.1.3.tgz",
      "integrity": "sha1-YTObci/mo1FWiSENJOFMlhSGE+8=",
      "optional": true,
      "requires": {
        "align-text": "0.1.4"
      }
    },
    "safe-buffer": {
      "version": "5.1.1",
      "resolved": "https://registry.npmjs.org/safe-buffer/-/safe-buffer-5.1.1.tgz",
      "integrity": "sha512-kKvNJn6Mm93gAczWVJg7wH+wGYWNrDHdWvpUmHyEsgCtIwwo3bqPtV4tR5tuPaUhTOo/kvhVwd8XwwOllGYkbg=="
    },
    "semver": {
      "version": "5.5.0",
      "resolved": "https://registry.npmjs.org/semver/-/semver-5.5.0.tgz",
      "integrity": "sha512-4SJ3dm0WAwWy/NVeioZh5AntkdJoWKxHxcmyP622fOkgHa4z3R0TdBJICINyaSDE6uNwVc8gZr+ZinwZAH4xIA=="
    },
    "sliced": {
      "version": "1.0.1",
      "resolved": "https://registry.npmjs.org/sliced/-/sliced-1.0.1.tgz",
      "integrity": "sha1-CzpmK10Ewxd7GSa+qCsD+Dei70E="
    },
    "source-map": {
      "version": "0.4.4",
      "resolved": "https://registry.npmjs.org/source-map/-/source-map-0.4.4.tgz",
      "integrity": "sha1-66T12pwNyZneaAMti092FzZSA2s=",
      "requires": {
        "amdefine": "1.0.1"
      }
    },
    "sprintf-js": {
      "version": "1.0.3",
      "resolved": "https://registry.npmjs.org/sprintf-js/-/sprintf-js-1.0.3.tgz",
      "integrity": "sha1-BOaSb2YolTVPPdAVIDYzuFcpfiw="
    },
    "swagger-methods": {
      "version": "1.0.4",
      "resolved": "https://registry.npmjs.org/swagger-methods/-/swagger-methods-1.0.4.tgz",
      "integrity": "sha512-xrKFLbrZ6VxRsg+M3uJozJtsEpNI/aPfZsOkoEjXw8vhAqdMIqwTYGj1f4dmUgvJvCdZhV5iArgtqXgs403ltg=="
    },
    "swagger-parser": {
      "version": "3.4.2",
      "resolved": "https://registry.npmjs.org/swagger-parser/-/swagger-parser-3.4.2.tgz",
      "integrity": "sha512-himpIkA50AjTvrgtz0PPbzwWoTjj3F3ye/y1PcW/514YEp1A3IhAcJFkkEu7b1zHnSIthnzxC8aTy+XZG0D+iA==",
      "requires": {
        "call-me-maybe": "1.0.1",
        "debug": "3.1.0",
        "es6-promise": "4.2.4",
        "json-schema-ref-parser": "1.4.1",
        "ono": "4.0.3",
        "swagger-methods": "1.0.4",
        "swagger-schema-official": "2.0.0-bab6bed",
        "z-schema": "3.19.1"
      },
      "dependencies": {
        "json-schema-ref-parser": {
          "version": "1.4.1",
          "resolved": "https://registry.npmjs.org/json-schema-ref-parser/-/json-schema-ref-parser-1.4.1.tgz",
          "integrity": "sha1-wMLkOL8HlnI7AkUbrovH3Qs3/tA=",
          "requires": {
            "call-me-maybe": "1.0.1",
            "debug": "2.6.9",
            "es6-promise": "3.3.1",
            "js-yaml": "3.10.0",
            "ono": "2.2.5"
          },
          "dependencies": {
            "debug": {
              "version": "2.6.9",
              "resolved": "https://registry.npmjs.org/debug/-/debug-2.6.9.tgz",
              "integrity": "sha512-bC7ElrdJaJnPbAP+1EotYvqZsb3ecl5wi6Bfi6BJTUcNowp6cvspg0jXznRTKDjm/E7AdgFBVeAPVMNcKGsHMA==",
              "requires": {
                "ms": "2.0.0"
              }
            },
            "es6-promise": {
              "version": "3.3.1",
              "resolved": "https://registry.npmjs.org/es6-promise/-/es6-promise-3.3.1.tgz",
              "integrity": "sha1-oIzd6EzNvzTQJ6FFG8kdS80ophM="
            },
            "ono": {
              "version": "2.2.5",
              "resolved": "https://registry.npmjs.org/ono/-/ono-2.2.5.tgz",
              "integrity": "sha1-2vCUiLURdNp6fkJ136sxtDj/oOM="
            }
          }
        },
        "ms": {
          "version": "2.0.0",
          "resolved": "https://registry.npmjs.org/ms/-/ms-2.0.0.tgz",
          "integrity": "sha1-VgiurfwAvmwpAd9fmGF4jeDVl8g="
        }
      }
    },
    "swagger-schema-official": {
      "version": "2.0.0-bab6bed",
      "resolved": "https://registry.npmjs.org/swagger-schema-official/-/swagger-schema-official-2.0.0-bab6bed.tgz",
      "integrity": "sha1-cAcEaNbSl3ylI3suUZyn0Gouo/0="
    },
    "topo": {
      "version": "2.0.2",
      "resolved": "https://registry.npmjs.org/topo/-/topo-2.0.2.tgz",
      "integrity": "sha1-zVYVdSU5BXwNwEkaYhw7xvvh0YI=",
      "requires": {
        "hoek": "4.2.1"
      },
      "dependencies": {
        "hoek": {
          "version": "4.2.1",
          "resolved": "https://registry.npmjs.org/hoek/-/hoek-4.2.1.tgz",
          "integrity": "sha512-QLg82fGkfnJ/4iy1xZ81/9SIJiq1NGFUMGs6ParyjBZr6jW2Ufj/snDqTHixNlHdPNwN2RLVD0Pi3igeK9+JfA=="
        }
      }
    },
    "uglify-js": {
      "version": "2.8.29",
      "resolved": "https://registry.npmjs.org/uglify-js/-/uglify-js-2.8.29.tgz",
      "integrity": "sha1-KcVzMUgFe7Th913zW3qcty5qWd0=",
      "optional": true,
      "requires": {
        "source-map": "0.5.7",
        "uglify-to-browserify": "1.0.2",
        "yargs": "3.10.0"
      },
      "dependencies": {
        "source-map": {
          "version": "0.5.7",
          "resolved": "https://registry.npmjs.org/source-map/-/source-map-0.5.7.tgz",
          "integrity": "sha1-igOdLRAh0i0eoUyA2OpGi6LvP8w=",
          "optional": true
        }
      }
    },
    "uglify-to-browserify": {
      "version": "1.0.2",
      "resolved": "https://registry.npmjs.org/uglify-to-browserify/-/uglify-to-browserify-1.0.2.tgz",
      "integrity": "sha1-bgkk1r2mta/jSeOabWMoUKD4grc=",
      "optional": true
    },
    "validator": {
      "version": "9.4.1",
      "resolved": "https://registry.npmjs.org/validator/-/validator-9.4.1.tgz",
      "integrity": "sha512-YV5KjzvRmSyJ1ee/Dm5UED0G+1L4GZnLN3w6/T+zZm8scVua4sOhYKWTUrKa0H/tMiJyO9QLHMPN+9mB/aMunA=="
    },
    "vision": {
      "version": "4.1.1",
      "resolved": "https://registry.npmjs.org/vision/-/vision-4.1.1.tgz",
      "integrity": "sha1-4bYSstLi8gMQoDkpD9SdUSSPgto=",
      "requires": {
        "boom": "4.3.1",
        "hoek": "4.2.1",
        "items": "2.1.1",
        "joi": "10.6.0"
      },
      "dependencies": {
        "boom": {
          "version": "4.3.1",
          "resolved": "https://registry.npmjs.org/boom/-/boom-4.3.1.tgz",
          "integrity": "sha1-T4owBctKfjiJ90kDD9JbluAdLjE=",
          "requires": {
            "hoek": "4.2.1"
          }
        },
        "hoek": {
          "version": "4.2.1",
          "resolved": "https://registry.npmjs.org/hoek/-/hoek-4.2.1.tgz",
          "integrity": "sha512-QLg82fGkfnJ/4iy1xZ81/9SIJiq1NGFUMGs6ParyjBZr6jW2Ufj/snDqTHixNlHdPNwN2RLVD0Pi3igeK9+JfA=="
        },
        "isemail": {
          "version": "2.2.1",
          "resolved": "https://registry.npmjs.org/isemail/-/isemail-2.2.1.tgz",
          "integrity": "sha1-A1PT2aYpUQgMJiwqoKQrjqjp4qY="
        },
        "joi": {
          "version": "10.6.0",
          "resolved": "https://registry.npmjs.org/joi/-/joi-10.6.0.tgz",
          "integrity": "sha512-hBF3LcqyAid+9X/pwg+eXjD2QBZI5eXnBFJYaAkH4SK3mp9QSRiiQnDYlmlz5pccMvnLcJRS4whhDOTCkmsAdQ==",
          "requires": {
            "hoek": "4.2.1",
            "isemail": "2.2.1",
            "items": "2.1.1",
            "topo": "2.0.2"
          }
        }
      }
    },
    "window-size": {
      "version": "0.1.0",
      "resolved": "https://registry.npmjs.org/window-size/-/window-size-0.1.0.tgz",
      "integrity": "sha1-VDjNLqk7IC76Ohn+iIeu58lPnJ0=",
      "optional": true
    },
    "wordwrap": {
      "version": "0.0.3",
      "resolved": "https://registry.npmjs.org/wordwrap/-/wordwrap-0.0.3.tgz",
      "integrity": "sha1-o9XabNXAvAAI03I0u68b7WMFkQc="
    },
    "xtend": {
      "version": "4.0.1",
      "resolved": "https://registry.npmjs.org/xtend/-/xtend-4.0.1.tgz",
      "integrity": "sha1-pcbVMr5lbiPbgg77lDofBJmNY68="
    },
    "yallist": {
      "version": "2.1.2",
      "resolved": "https://registry.npmjs.org/yallist/-/yallist-2.1.2.tgz",
      "integrity": "sha1-HBH5IY8HYImkfdUS+TxmmaaoHVI="
    },
    "yargs": {
      "version": "3.10.0",
      "resolved": "https://registry.npmjs.org/yargs/-/yargs-3.10.0.tgz",
      "integrity": "sha1-9+572FfdfB0tOMDnTvvWgdFDH9E=",
      "optional": true,
      "requires": {
        "camelcase": "1.2.1",
        "cliui": "2.1.0",
        "decamelize": "1.2.0",
        "window-size": "0.1.0"
      }
    },
    "z-schema": {
      "version": "3.19.1",
      "resolved": "https://registry.npmjs.org/z-schema/-/z-schema-3.19.1.tgz",
      "integrity": "sha512-jPNzqmOu3+AGbb4krDODqo4QBzwUGDVzyfGyy1HtWaUnafltQotatSpxxWd6Mp0iSZOUwHU5sqKYi+U8HsHMkg==",
      "requires": {
        "commander": "2.14.1",
        "lodash.get": "4.4.2",
        "lodash.isequal": "4.5.0",
        "validator": "9.4.1"
      }
    }
  }
}
